// !$*UTF8*$!
{
	archiveVersion = 1;
	classes = {
	};
	objectVersion = 46;
	objects = {

/* Begin PBXBuildFile section */
		A413569820C25AF0007C0F53 /* CoreLocation.framework in Frameworks */ = {isa = PBXBuildFile; fileRef = A413569720C25AF0007C0F53 /* CoreLocation.framework */; };
		A413569920C25C1E007C0F53 /* CoreMotion.framework in Frameworks */ = {isa = PBXBuildFile; fileRef = FFCB8ED91D9B49E900B74410 /* CoreMotion.framework */; };
		A42DE69120C3886D00194E87 /* FunctionSelectViewController.swift in Sources */ = {isa = PBXBuildFile; fileRef = A42DE69020C3886D00194E87 /* FunctionSelectViewController.swift */; };
		A42DE69320C38D1600194E87 /* MPMusicViewController.swift in Sources */ = {isa = PBXBuildFile; fileRef = A42DE69220C38D1600194E87 /* MPMusicViewController.swift */; };
		A42DE69520C38FAD00194E87 /* MPMUSICViewController.swift in Sources */ = {isa = PBXBuildFile; fileRef = A42DE69420C38FAD00194E87 /* MPMUSICViewController.swift */; };
		A42EBCF520C2680C002CE810 /* splash.png in Resources */ = {isa = PBXBuildFile; fileRef = A42EBCF420C2680C002CE810 /* splash.png */; };
		FFCB8EC51D9B473200B74410 /* AppDelegate.swift in Sources */ = {isa = PBXBuildFile; fileRef = FFCB8EC41D9B473200B74410 /* AppDelegate.swift */; };
		FFCB8EC71D9B473200B74410 /* ViewController.swift in Sources */ = {isa = PBXBuildFile; fileRef = FFCB8EC61D9B473200B74410 /* ViewController.swift */; };
		FFCB8ECA1D9B473200B74410 /* Main.storyboard in Resources */ = {isa = PBXBuildFile; fileRef = FFCB8EC81D9B473200B74410 /* Main.storyboard */; };
		FFCB8ECC1D9B473200B74410 /* Assets.xcassets in Resources */ = {isa = PBXBuildFile; fileRef = FFCB8ECB1D9B473200B74410 /* Assets.xcassets */; };
		FFCB8ECF1D9B473200B74410 /* LaunchScreen.storyboard in Resources */ = {isa = PBXBuildFile; fileRef = FFCB8ECD1D9B473200B74410 /* LaunchScreen.storyboard */; };
		FFCB8ED81D9B49E000B74410 /* MapKit.framework in Frameworks */ = {isa = PBXBuildFile; fileRef = FFCB8ED71D9B49E000B74410 /* MapKit.framework */; };
/* End PBXBuildFile section */

/* Begin PBXFileReference section */
		A413569720C25AF0007C0F53 /* CoreLocation.framework */ = {isa = PBXFileReference; lastKnownFileType = wrapper.framework; name = CoreLocation.framework; path = System/Library/Frameworks/CoreLocation.framework; sourceTree = SDKROOT; };
		A42DE69020C3886D00194E87 /* FunctionSelectViewController.swift */ = {isa = PBXFileReference; lastKnownFileType = sourcecode.swift; path = FunctionSelectViewController.swift; sourceTree = "<group>"; };
		A42DE69220C38D1600194E87 /* MPMusicViewController.swift */ = {isa = PBXFileReference; lastKnownFileType = sourcecode.swift; path = MPMusicViewController.swift; sourceTree = "<group>"; };
		A42DE69420C38FAD00194E87 /* MPMUSICViewController.swift */ = {isa = PBXFileReference; lastKnownFileType = sourcecode.swift; name = MPMUSICViewController.swift; path = map_tracking/MPMUSICViewController.swift; sourceTree = "<group>"; };
		A42EBCF420C2680C002CE810 /* splash.png */ = {isa = PBXFileReference; lastKnownFileType = image.png; path = splash.png; sourceTree = "<group>"; };
		FFCB8EC11D9B473200B74410 /* map_tracking.app */ = {isa = PBXFileReference; explicitFileType = wrapper.application; includeInIndex = 0; path = map_tracking.app; sourceTree = BUILT_PRODUCTS_DIR; };
		FFCB8EC41D9B473200B74410 /* AppDelegate.swift */ = {isa = PBXFileReference; lastKnownFileType = sourcecode.swift; path = AppDelegate.swift; sourceTree = "<group>"; };
		FFCB8EC61D9B473200B74410 /* ViewController.swift */ = {isa = PBXFileReference; lastKnownFileType = sourcecode.swift; path = ViewController.swift; sourceTree = "<group>"; };
		FFCB8EC91D9B473200B74410 /* Base */ = {isa = PBXFileReference; lastKnownFileType = file.storyboard; name = Base; path = Base.lproj/Main.storyboard; sourceTree = "<group>"; };
		FFCB8ECB1D9B473200B74410 /* Assets.xcassets */ = {isa = PBXFileReference; lastKnownFileType = folder.assetcatalog; path = Assets.xcassets; sourceTree = "<group>"; };
		FFCB8ECE1D9B473200B74410 /* Base */ = {isa = PBXFileReference; lastKnownFileType = file.storyboard; name = Base; path = Base.lproj/LaunchScreen.storyboard; sourceTree = "<group>"; };
		FFCB8ED01D9B473200B74410 /* Info.plist */ = {isa = PBXFileReference; lastKnownFileType = text.plist.xml; path = Info.plist; sourceTree = "<group>"; };
		FFCB8ED71D9B49E000B74410 /* MapKit.framework */ = {isa = PBXFileReference; lastKnownFileType = wrapper.framework; name = MapKit.framework; path = System/Library/Frameworks/MapKit.framework; sourceTree = SDKROOT; };
		FFCB8ED91D9B49E900B74410 /* CoreMotion.framework */ = {isa = PBXFileReference; lastKnownFileType = wrapper.framework; name = CoreMotion.framework; path = System/Library/Frameworks/CoreMotion.framework; sourceTree = SDKROOT; };
/* End PBXFileReference section */

/* Begin PBXFrameworksBuildPhase section */
		FFCB8EBE1D9B473200B74410 /* Frameworks */ = {
			isa = PBXFrameworksBuildPhase;
			buildActionMask = 2147483647;
			files = (
				A413569920C25C1E007C0F53 /* CoreMotion.framework in Frameworks */,
				FFCB8ED81D9B49E000B74410 /* MapKit.framework in Frameworks */,
				A413569820C25AF0007C0F53 /* CoreLocation.framework in Frameworks */,
			);
			runOnlyForDeploymentPostprocessing = 0;
		};
/* End PBXFrameworksBuildPhase section */

/* Begin PBXGroup section */
		FFCB8EB81D9B473200B74410 = {
			isa = PBXGroup;
			children = (
				A42DE69020C3886D00194E87 /* FunctionSelectViewController.swift */,
				A42DE69220C38D1600194E87 /* MPMusicViewController.swift */,
				A42DE69420C38FAD00194E87 /* MPMUSICViewController.swift */,
				FFCB8EC31D9B473200B74410 /* map_tracking */,
				FFCB8EC21D9B473200B74410 /* Products */,
				FFCB8ED61D9B49DF00B74410 /* Frameworks */,
			);
			sourceTree = "<group>";
		};
		FFCB8EC21D9B473200B74410 /* Products */ = {
			isa = PBXGroup;
			children = (
				FFCB8EC11D9B473200B74410 /* map_tracking.app */,
			);
			name = Products;
			sourceTree = "<group>";
		};
		FFCB8EC31D9B473200B74410 /* map_tracking */ = {
			isa = PBXGroup;
			children = (
				FFCB8EC41D9B473200B74410 /* AppDelegate.swift */,
				FFCB8EC61D9B473200B74410 /* ViewController.swift */,
				A42EBCF420C2680C002CE810 /* splash.png */,
				FFCB8EC81D9B473200B74410 /* Main.storyboard */,
				FFCB8ECB1D9B473200B74410 /* Assets.xcassets */,
				FFCB8ECD1D9B473200B74410 /* LaunchScreen.storyboard */,
				FFCB8ED01D9B473200B74410 /* Info.plist */,
			);
			path = map_tracking;
			sourceTree = "<group>";
		};
		FFCB8ED61D9B49DF00B74410 /* Frameworks */ = {
			isa = PBXGroup;
			children = (
				A413569720C25AF0007C0F53 /* CoreLocation.framework */,
				FFCB8ED91D9B49E900B74410 /* CoreMotion.framework */,
				FFCB8ED71D9B49E000B74410 /* MapKit.framework */,
			);
			name = Frameworks;
			sourceTree = "<group>";
		};
/* End PBXGroup section */

/* Begin PBXNativeTarget section */
		FFCB8EC01D9B473200B74410 /* map_tracking */ = {
			isa = PBXNativeTarget;
			buildConfigurationList = FFCB8ED31D9B473200B74410 /* Build configuration list for PBXNativeTarget "map_tracking" */;
			buildPhases = (
				FFCB8EBD1D9B473200B74410 /* Sources */,
				FFCB8EBE1D9B473200B74410 /* Frameworks */,
				FFCB8EBF1D9B473200B74410 /* Resources */,
			);
			buildRules = (
			);
			dependencies = (
			);
			name = map_tracking;
			productName = map_tracking;
			productReference = FFCB8EC11D9B473200B74410 /* map_tracking.app */;
			productType = "com.apple.product-type.application";
		};
/* End PBXNativeTarget section */

/* Begin PBXProject section */
		FFCB8EB91D9B473200B74410 /* Project object */ = {
			isa = PBXProject;
			attributes = {
				LastSwiftUpdateCheck = 0800;
				LastUpgradeCheck = 0940;
				ORGANIZATIONNAME = "yoshiyuki oshige";
				TargetAttributes = {
					FFCB8EC01D9B473200B74410 = {
						CreatedOnToolsVersion = 8.0;
						DevelopmentTeam = 99M9UU7X43;
						LastSwiftMigration = 0940;
						ProvisioningStyle = Automatic;
						SystemCapabilities = {
							com.apple.BackgroundModes = {
								enabled = 1;
							};
						};
					};
				};
			};
			buildConfigurationList = FFCB8EBC1D9B473200B74410 /* Build configuration list for PBXProject "map_tracking" */;
			compatibilityVersion = "Xcode 3.2";
			developmentRegion = English;
			hasScannedForEncodings = 0;
			knownRegions = (
				en,
				Base,
			);
			mainGroup = FFCB8EB81D9B473200B74410;
			productRefGroup = FFCB8EC21D9B473200B74410 /* Products */;
			projectDirPath = "";
			projectRoot = "";
			targets = (
				FFCB8EC01D9B473200B74410 /* map_tracking */,
			);
		};
/* End PBXProject section */

/* Begin PBXResourcesBuildPhase section */
		FFCB8EBF1D9B473200B74410 /* Resources */ = {
			isa = PBXResourcesBuildPhase;
			buildActionMask = 2147483647;
			files = (
				A42EBCF520C2680C002CE810 /* splash.png in Resources */,
				FFCB8ECF1D9B473200B74410 /* LaunchScreen.storyboard in Resources */,
				FFCB8ECC1D9B473200B74410 /* Assets.xcassets in Resources */,
				FFCB8ECA1D9B473200B74410 /* Main.storyboard in Resources */,
			);
			runOnlyForDeploymentPostprocessing = 0;
		};
/* End PBXResourcesBuildPhase section */

/* Begin PBXSourcesBuildPhase section */
		FFCB8EBD1D9B473200B74410 /* Sources */ = {
			isa = PBXSourcesBuildPhase;
			buildActionMask = 2147483647;
			files = (
				A42DE69520C38FAD00194E87 /* MPMUSICViewController.swift in Sources */,
				A42DE69120C3886D00194E87 /* FunctionSelectViewController.swift in Sources */,
				FFCB8EC71D9B473200B74410 /* ViewController.swift in Sources */,
				FFCB8EC51D9B473200B74410 /* AppDelegate.swift in Sources */,
				A42DE69320C38D1600194E87 /* MPMusicViewController.swift in Sources */,
			);
			runOnlyForDeploymentPostprocessing = 0;
		};
/* End PBXSourcesBuildPhase section */

/* Begin PBXVariantGroup section */
		FFCB8EC81D9B473200B74410 /* Main.storyboard */ = {
			isa = PBXVariantGroup;
			children = (
				FFCB8EC91D9B473200B74410 /* Base */,
			);
			name = Main.storyboard;
			sourceTree = "<group>";
		};
		FFCB8ECD1D9B473200B74410 /* LaunchScreen.storyboard */ = {
			isa = PBXVariantGroup;
			children = (
				FFCB8ECE1D9B473200B74410 /* Base */,
			);
			name = LaunchScreen.storyboard;
			sourceTree = "<group>";
		};
/* End PBXVariantGroup section */

/* Begin XCBuildConfiguration section */
		FFCB8ED11D9B473200B74410 /* Debug */ = {
			isa = XCBuildConfiguration;
			buildSettings = {
				ALWAYS_SEARCH_USER_PATHS = NO;
				CLANG_ANALYZER_NONNULL = YES;
				CLANG_CXX_LANGUAGE_STANDARD = "gnu++0x";
				CLANG_CXX_LIBRARY = "libc++";
				CLANG_ENABLE_MODULES = YES;
				CLANG_ENABLE_OBJC_ARC = YES;
				CLANG_WARN_BLOCK_CAPTURE_AUTORELEASING = YES;
				CLANG_WARN_BOOL_CONVERSION = YES;
				CLANG_WARN_COMMA = YES;
				CLANG_WARN_CONSTANT_CONVERSION = YES;
				CLANG_WARN_DEPRECATED_OBJC_IMPLEMENTATIONS = YES;
				CLANG_WARN_DIRECT_OBJC_ISA_USAGE = YES_ERROR;
				CLANG_WARN_DOCUMENTATION_COMMENTS = YES;
				CLANG_WARN_EMPTY_BODY = YES;
				CLANG_WARN_ENUM_CONVERSION = YES;
				CLANG_WARN_INFINITE_RECURSION = YES;
				CLANG_WARN_INT_CONVERSION = YES;
				CLANG_WARN_NON_LITERAL_NULL_CONVERSION = YES;
				CLANG_WARN_OBJC_IMPLICIT_RETAIN_SELF = YES;
				CLANG_WARN_OBJC_LITERAL_CONVERSION = YES;
				CLANG_WARN_OBJC_ROOT_CLASS = YES_ERROR;
				CLANG_WARN_RANGE_LOOP_ANALYSIS = YES;
				CLANG_WARN_STRICT_PROTOTYPES = YES;
				CLANG_WARN_SUSPICIOUS_MOVE = YES;
				CLANG_WARN_SUSPICIOUS_MOVES = YES;
				CLANG_WARN_UNREACHABLE_CODE = YES;
				CLANG_WARN__DUPLICATE_METHOD_MATCH = YES;
				"CODE_SIGN_IDENTITY[sdk=iphoneos*]" = "iPhone Developer";
				COPY_PHASE_STRIP = NO;
				DEBUG_INFORMATION_FORMAT = dwarf;
				ENABLE_STRICT_OBJC_MSGSEND = YES;
				ENABLE_TESTABILITY = YES;
				GCC_C_LANGUAGE_STANDARD = gnu99;
				GCC_DYNAMIC_NO_PIC = NO;
				GCC_NO_COMMON_BLOCKS = YES;
				GCC_OPTIMIZATION_LEVEL = 0;
				GCC_PREPROCESSOR_DEFINITIONS = (
					"DEBUG=1",
					"$(inherited)",
				);
				GCC_WARN_64_TO_32_BIT_CONVERSION = YES;
				GCC_WARN_ABOUT_RETURN_TYPE = YES_ERROR;
				GCC_WARN_UNDECLARED_SELECTOR = YES;
				GCC_WARN_UNINITIALIZED_AUTOS = YES_AGGRESSIVE;
				GCC_WARN_UNUSED_FUNCTION = YES;
				GCC_WARN_UNUSED_VARIABLE = YES;
				IPHONEOS_DEPLOYMENT_TARGET = 11.4;
				MTL_ENABLE_DEBUG_INFO = YES;
				ONLY_ACTIVE_ARCH = YES;
				SDKROOT = iphoneos;
				SWIFT_ACTIVE_COMPILATION_CONDITIONS = DEBUG;
				SWIFT_OPTIMIZATION_LEVEL = "-Onone";
				TARGETED_DEVICE_FAMILY = "1,2";
			};
			name = Debug;
		};
		FFCB8ED21D9B473200B74410 /* Release */ = {
			isa = XCBuildConfiguration;
			buildSettings = {
				ALWAYS_SEARCH_USER_PATHS = NO;
				CLANG_ANALYZER_NONNULL = YES;
				CLANG_CXX_LANGUAGE_STANDARD = "gnu++0x";
				CLANG_CXX_LIBRARY = "libc++";
				CLANG_ENABLE_MODULES = YES;
				CLANG_ENABLE_OBJC_ARC = YES;
				CLANG_WARN_BLOCK_CAPTURE_AUTORELEASING = YES;
				CLANG_WARN_BOOL_CONVERSION = YES;
				CLANG_WARN_COMMA = YES;
				CLANG_WARN_CONSTANT_CONVERSION = YES;
				CLANG_WARN_DEPRECATED_OBJC_IMPLEMENTATIONS = YES;
				CLANG_WARN_DIRECT_OBJC_ISA_USAGE = YES_ERROR;
				CLANG_WARN_DOCUMENTATION_COMMENTS = YES;
				CLANG_WARN_EMPTY_BODY = YES;
				CLANG_WARN_ENUM_CONVERSION = YES;
				CLANG_WARN_INFINITE_RECURSION = YES;
				CLANG_WARN_INT_CONVERSION = YES;
				CLANG_WARN_NON_LITERAL_NULL_CONVERSION = YES;
				CLANG_WARN_OBJC_IMPLICIT_RETAIN_SELF = YES;
				CLANG_WARN_OBJC_LITERAL_CONVERSION = YES;
				CLANG_WARN_OBJC_ROOT_CLASS = YES_ERROR;
				CLANG_WARN_RANGE_LOOP_ANALYSIS = YES;
				CLANG_WARN_STRICT_PROTOTYPES = YES;
				CLANG_WARN_SUSPICIOUS_MOVE = YES;
				CLANG_WARN_SUSPICIOUS_MOVES = YES;
				CLANG_WARN_UNREACHABLE_CODE = YES;
				CLANG_WARN__DUPLICATE_METHOD_MATCH = YES;
				"CODE_SIGN_IDENTITY[sdk=iphoneos*]" = "iPhone Developer";
				COPY_PHASE_STRIP = NO;
				DEBUG_INFORMATION_FORMAT = "dwarf-with-dsym";
				ENABLE_NS_ASSERTIONS = NO;
				ENABLE_STRICT_OBJC_MSGSEND = YES;
				GCC_C_LANGUAGE_STANDARD = gnu99;
				GCC_NO_COMMON_BLOCKS = YES;
				GCC_WARN_64_TO_32_BIT_CONVERSION = YES;
				GCC_WARN_ABOUT_RETURN_TYPE = YES_ERROR;
				GCC_WARN_UNDECLARED_SELECTOR = YES;
				GCC_WARN_UNINITIALIZED_AUTOS = YES_AGGRESSIVE;
				GCC_WARN_UNUSED_FUNCTION = YES;
				GCC_WARN_UNUSED_VARIABLE = YES;
				IPHONEOS_DEPLOYMENT_TARGET = 11.4;
				MTL_ENABLE_DEBUG_INFO = NO;
				SDKROOT = iphoneos;
				SWIFT_OPTIMIZATION_LEVEL = "-Owholemodule";
				TARGETED_DEVICE_FAMILY = "1,2";
				VALIDATE_PRODUCT = YES;
			};
			name = Release;
		};
		FFCB8ED41D9B473200B74410 /* Debug */ = {
			isa = XCBuildConfiguration;
			buildSettings = {
				ASSETCATALOG_COMPILER_APPICON_NAME = AppIcon;
				DEVELOPMENT_TEAM = 99M9UU7X43;
				INFOPLIST_FILE = map_tracking/Info.plist;
				LD_RUNPATH_SEARCH_PATHS = "$(inherited) @executable_path/Frameworks";
				PRODUCT_BUNDLE_IDENTIFIER = "jp.primetheory.map-tracking";
				PRODUCT_NAME = "$(TARGET_NAME)";
				SWIFT_SWIFT3_OBJC_INFERENCE = Default;
				SWIFT_VERSION = 4.0;
			};
			name = Debug;
		};
		FFCB8ED51D9B473200B74410 /* Release */ = {
			isa = XCBuildConfiguration;
			buildSettings = {
				ASSETCATALOG_COMPILER_APPICON_NAME = AppIcon;
				DEVELOPMENT_TEAM = 99M9UU7X43;
				INFOPLIST_FILE = map_tracking/Info.plist;
				LD_RUNPATH_SEARCH_PATHS = "$(inherited) @executable_path/Frameworks";
				PRODUCT_BUNDLE_IDENTIFIER = "jp.primetheory.map-tracking";
				PRODUCT_NAME = "$(TARGET_NAME)";
				SWIFT_SWIFT3_OBJC_INFERENCE = Default;
				SWIFT_VERSION = 4.0;
			};
			name = Release;
		};
/* End XCBuildConfiguration section */

/* Begin XCConfigurationList section */
		FFCB8EBC1D9B473200B74410 /* Build configuration list for PBXProject "map_tracking" */ = {
			isa = XCConfigurationList;
			buildConfigurations = (
				FFCB8ED11D9B473200B74410 /* Debug */,
				FFCB8ED21D9B473200B74410 /* Release */,
			);
			defaultConfigurationIsVisible = 0;
			defaultConfigurationName = Release;
		};
		FFCB8ED31D9B473200B74410 /* Build configuration list for PBXNativeTarget "map_tracking" */ = {
			isa = XCConfigurationList;
			buildConfigurations = (
				FFCB8ED41D9B473200B74410 /* Debug */,
				FFCB8ED51D9B473200B74410 /* Release */,
			);
			defaultConfigurationIsVisible = 0;
			defaultConfigurationName = Release;
		};
/* End XCConfigurationList section */
	};
	rootObject = FFCB8EB91D9B473200B74410 /* Project object */;
}
