// !$*UTF8*$!
{
	archiveVersion = 1;
	classes = {
	};
	objectVersion = 50;
	objects = {

/* Begin PBXBuildFile section */
		A420B27220C5870A00448C70 /* PlaylistViewController.swift in Sources */ = {isa = PBXBuildFile; fileRef = A420B27120C5870A00448C70 /* PlaylistViewController.swift */; };
		A420B27420C61B2900448C70 /* MPMUSICViewController.swift in Sources */ = {isa = PBXBuildFile; fileRef = A420B27320C61B2900448C70 /* MPMUSICViewController.swift */; };
		A47A7AC820C5632B0020CD77 /* AppDelegate.swift in Sources */ = {isa = PBXBuildFile; fileRef = A47A7AC720C5632B0020CD77 /* AppDelegate.swift */; };
		A47A7ACA20C5632B0020CD77 /* ViewController.swift in Sources */ = {isa = PBXBuildFile; fileRef = A47A7AC920C5632B0020CD77 /* ViewController.swift */; };
		A47A7ACD20C5632B0020CD77 /* Main.storyboard in Resources */ = {isa = PBXBuildFile; fileRef = A47A7ACB20C5632B0020CD77 /* Main.storyboard */; };
		A47A7ACF20C5632C0020CD77 /* Assets.xcassets in Resources */ = {isa = PBXBuildFile; fileRef = A47A7ACE20C5632C0020CD77 /* Assets.xcassets */; };
		A47A7AD220C5632C0020CD77 /* LaunchScreen.storyboard in Resources */ = {isa = PBXBuildFile; fileRef = A47A7AD020C5632C0020CD77 /* LaunchScreen.storyboard */; };
		A47A7ADD20C5632C0020CD77 /* RealmPracticeTests.swift in Sources */ = {isa = PBXBuildFile; fileRef = A47A7ADC20C5632C0020CD77 /* RealmPracticeTests.swift */; };
		A47A7AE820C5632C0020CD77 /* RealmPracticeUITests.swift in Sources */ = {isa = PBXBuildFile; fileRef = A47A7AE720C5632C0020CD77 /* RealmPracticeUITests.swift */; };
		A47A7AF620C567470020CD77 /* Realm.framework in Frameworks */ = {isa = PBXBuildFile; fileRef = A47A7AF520C567470020CD77 /* Realm.framework */; };
		A47A7AF820C567470020CD77 /* RealmSwift.framework in Frameworks */ = {isa = PBXBuildFile; fileRef = A47A7AF720C567470020CD77 /* RealmSwift.framework */; };
		A47A7AFA20C56A220020CD77 /* Song.swift in Sources */ = {isa = PBXBuildFile; fileRef = A47A7AF920C56A220020CD77 /* Song.swift */; };
		A4C63F4920C643600004CDD6 /* UIColor+onoColorSquare.swift in Sources */ = {isa = PBXBuildFile; fileRef = A4C63F4820C643600004CDD6 /* UIColor+onoColorSquare.swift */; };
		A4C63F4B20C66ECE0004CDD6 /* Artwork.swift in Sources */ = {isa = PBXBuildFile; fileRef = A4C63F4A20C66ECE0004CDD6 /* Artwork.swift */; };
		DDEE2153C685250D3BB00111 /* Pods_RealmPractice.framework in Frameworks */ = {isa = PBXBuildFile; fileRef = 13F2E12685702B2AA4EDB99C /* Pods_RealmPractice.framework */; };
/* End PBXBuildFile section */

/* Begin PBXContainerItemProxy section */
		A47A7AD920C5632C0020CD77 /* PBXContainerItemProxy */ = {
			isa = PBXContainerItemProxy;
			containerPortal = A47A7ABC20C5632B0020CD77 /* Project object */;
			proxyType = 1;
			remoteGlobalIDString = A47A7AC320C5632B0020CD77;
			remoteInfo = RealmPractice;
		};
		A47A7AE420C5632C0020CD77 /* PBXContainerItemProxy */ = {
			isa = PBXContainerItemProxy;
			containerPortal = A47A7ABC20C5632B0020CD77 /* Project object */;
			proxyType = 1;
			remoteGlobalIDString = A47A7AC320C5632B0020CD77;
			remoteInfo = RealmPractice;
		};
/* End PBXContainerItemProxy section */

/* Begin PBXFileReference section */
		13F2E12685702B2AA4EDB99C /* Pods_RealmPractice.framework */ = {isa = PBXFileReference; explicitFileType = wrapper.framework; includeInIndex = 0; path = Pods_RealmPractice.framework; sourceTree = BUILT_PRODUCTS_DIR; };
		39A79AB3B0FF778725321961 /* Pods-RealmPractice.release.xcconfig */ = {isa = PBXFileReference; includeInIndex = 1; lastKnownFileType = text.xcconfig; name = "Pods-RealmPractice.release.xcconfig"; path = "Pods/Target Support Files/Pods-RealmPractice/Pods-RealmPractice.release.xcconfig"; sourceTree = "<group>"; };
		9FC88AB3F2E166ADCB27CDD6 /* Pods-RealmPractice.debug.xcconfig */ = {isa = PBXFileReference; includeInIndex = 1; lastKnownFileType = text.xcconfig; name = "Pods-RealmPractice.debug.xcconfig"; path = "Pods/Target Support Files/Pods-RealmPractice/Pods-RealmPractice.debug.xcconfig"; sourceTree = "<group>"; };
		A420B27120C5870A00448C70 /* PlaylistViewController.swift */ = {isa = PBXFileReference; lastKnownFileType = sourcecode.swift; path = PlaylistViewController.swift; sourceTree = "<group>"; };
		A420B27320C61B2900448C70 /* MPMUSICViewController.swift */ = {isa = PBXFileReference; lastKnownFileType = sourcecode.swift; path = MPMUSICViewController.swift; sourceTree = "<group>"; };
		A47A7AC420C5632B0020CD77 /* RealmPractice.app */ = {isa = PBXFileReference; explicitFileType = wrapper.application; includeInIndex = 0; path = RealmPractice.app; sourceTree = BUILT_PRODUCTS_DIR; };
		A47A7AC720C5632B0020CD77 /* AppDelegate.swift */ = {isa = PBXFileReference; lastKnownFileType = sourcecode.swift; path = AppDelegate.swift; sourceTree = "<group>"; };
		A47A7AC920C5632B0020CD77 /* ViewController.swift */ = {isa = PBXFileReference; lastKnownFileType = sourcecode.swift; path = ViewController.swift; sourceTree = "<group>"; };
		A47A7ACC20C5632B0020CD77 /* Base */ = {isa = PBXFileReference; lastKnownFileType = file.storyboard; name = Base; path = Base.lproj/Main.storyboard; sourceTree = "<group>"; };
		A47A7ACE20C5632C0020CD77 /* Assets.xcassets */ = {isa = PBXFileReference; lastKnownFileType = folder.assetcatalog; path = Assets.xcassets; sourceTree = "<group>"; };
		A47A7AD120C5632C0020CD77 /* Base */ = {isa = PBXFileReference; lastKnownFileType = file.storyboard; name = Base; path = Base.lproj/LaunchScreen.storyboard; sourceTree = "<group>"; };
		A47A7AD320C5632C0020CD77 /* Info.plist */ = {isa = PBXFileReference; lastKnownFileType = text.plist.xml; path = Info.plist; sourceTree = "<group>"; };
		A47A7AD820C5632C0020CD77 /* RealmPracticeTests.xctest */ = {isa = PBXFileReference; explicitFileType = wrapper.cfbundle; includeInIndex = 0; path = RealmPracticeTests.xctest; sourceTree = BUILT_PRODUCTS_DIR; };
		A47A7ADC20C5632C0020CD77 /* RealmPracticeTests.swift */ = {isa = PBXFileReference; lastKnownFileType = sourcecode.swift; path = RealmPracticeTests.swift; sourceTree = "<group>"; };
		A47A7ADE20C5632C0020CD77 /* Info.plist */ = {isa = PBXFileReference; lastKnownFileType = text.plist.xml; path = Info.plist; sourceTree = "<group>"; };
		A47A7AE320C5632C0020CD77 /* RealmPracticeUITests.xctest */ = {isa = PBXFileReference; explicitFileType = wrapper.cfbundle; includeInIndex = 0; path = RealmPracticeUITests.xctest; sourceTree = BUILT_PRODUCTS_DIR; };
		A47A7AE720C5632C0020CD77 /* RealmPracticeUITests.swift */ = {isa = PBXFileReference; lastKnownFileType = sourcecode.swift; path = RealmPracticeUITests.swift; sourceTree = "<group>"; };
		A47A7AE920C5632C0020CD77 /* Info.plist */ = {isa = PBXFileReference; lastKnownFileType = text.plist.xml; path = Info.plist; sourceTree = "<group>"; };
		A47A7AF520C567470020CD77 /* Realm.framework */ = {isa = PBXFileReference; explicitFileType = wrapper.framework; path = Realm.framework; sourceTree = BUILT_PRODUCTS_DIR; };
		A47A7AF720C567470020CD77 /* RealmSwift.framework */ = {isa = PBXFileReference; explicitFileType = wrapper.framework; path = RealmSwift.framework; sourceTree = BUILT_PRODUCTS_DIR; };
		A47A7AF920C56A220020CD77 /* Song.swift */ = {isa = PBXFileReference; lastKnownFileType = sourcecode.swift; path = Song.swift; sourceTree = "<group>"; };
		A4C63F4820C643600004CDD6 /* UIColor+onoColorSquare.swift */ = {isa = PBXFileReference; lastKnownFileType = sourcecode.swift; path = "UIColor+onoColorSquare.swift"; sourceTree = "<group>"; };
		A4C63F4A20C66ECE0004CDD6 /* Artwork.swift */ = {isa = PBXFileReference; lastKnownFileType = sourcecode.swift; path = Artwork.swift; sourceTree = "<group>"; };
/* End PBXFileReference section */

/* Begin PBXFrameworksBuildPhase section */
		A47A7AC120C5632B0020CD77 /* Frameworks */ = {
			isa = PBXFrameworksBuildPhase;
			buildActionMask = 2147483647;
			files = (
				A47A7AF620C567470020CD77 /* Realm.framework in Frameworks */,
				A47A7AF820C567470020CD77 /* RealmSwift.framework in Frameworks */,
				DDEE2153C685250D3BB00111 /* Pods_RealmPractice.framework in Frameworks */,
			);
			runOnlyForDeploymentPostprocessing = 0;
		};
		A47A7AD520C5632C0020CD77 /* Frameworks */ = {
			isa = PBXFrameworksBuildPhase;
			buildActionMask = 2147483647;
			files = (
			);
			runOnlyForDeploymentPostprocessing = 0;
		};
		A47A7AE020C5632C0020CD77 /* Frameworks */ = {
			isa = PBXFrameworksBuildPhase;
			buildActionMask = 2147483647;
			files = (
			);
			runOnlyForDeploymentPostprocessing = 0;
		};
/* End PBXFrameworksBuildPhase section */

/* Begin PBXGroup section */
		6E584F605D39646D8B99E0B6 /* Pods */ = {
			isa = PBXGroup;
			children = (
				9FC88AB3F2E166ADCB27CDD6 /* Pods-RealmPractice.debug.xcconfig */,
				39A79AB3B0FF778725321961 /* Pods-RealmPractice.release.xcconfig */,
			);
			name = Pods;
			sourceTree = "<group>";
		};
		A47A7ABB20C5632B0020CD77 = {
			isa = PBXGroup;
			children = (
				A4C63F4720C642FD0004CDD6 /* Extensions */,
				A47A7AC620C5632B0020CD77 /* RealmPractice */,
				A47A7ADB20C5632C0020CD77 /* RealmPracticeTests */,
				A47A7AE620C5632C0020CD77 /* RealmPracticeUITests */,
				A47A7AC520C5632B0020CD77 /* Products */,
				6E584F605D39646D8B99E0B6 /* Pods */,
				B109BFBD261AA3E94637551C /* Frameworks */,
			);
			sourceTree = "<group>";
		};
		A47A7AC520C5632B0020CD77 /* Products */ = {
			isa = PBXGroup;
			children = (
				A47A7AC420C5632B0020CD77 /* RealmPractice.app */,
				A47A7AD820C5632C0020CD77 /* RealmPracticeTests.xctest */,
				A47A7AE320C5632C0020CD77 /* RealmPracticeUITests.xctest */,
			);
			name = Products;
			sourceTree = "<group>";
		};
		A47A7AC620C5632B0020CD77 /* RealmPractice */ = {
			isa = PBXGroup;
			children = (
				A47A7AC720C5632B0020CD77 /* AppDelegate.swift */,
				A47A7AC920C5632B0020CD77 /* ViewController.swift */,
				A47A7AF920C56A220020CD77 /* Song.swift */,
				A4C63F4A20C66ECE0004CDD6 /* Artwork.swift */,
				A47A7ACB20C5632B0020CD77 /* Main.storyboard */,
				A420B27120C5870A00448C70 /* PlaylistViewController.swift */,
				A420B27320C61B2900448C70 /* MPMUSICViewController.swift */,
				A47A7ACE20C5632C0020CD77 /* Assets.xcassets */,
				A47A7AD020C5632C0020CD77 /* LaunchScreen.storyboard */,
				A47A7AD320C5632C0020CD77 /* Info.plist */,
			);
			path = RealmPractice;
			sourceTree = "<group>";
		};
		A47A7ADB20C5632C0020CD77 /* RealmPracticeTests */ = {
			isa = PBXGroup;
			children = (
				A47A7ADC20C5632C0020CD77 /* RealmPracticeTests.swift */,
				A47A7ADE20C5632C0020CD77 /* Info.plist */,
			);
			path = RealmPracticeTests;
			sourceTree = "<group>";
		};
		A47A7AE620C5632C0020CD77 /* RealmPracticeUITests */ = {
			isa = PBXGroup;
			children = (
				A47A7AE720C5632C0020CD77 /* RealmPracticeUITests.swift */,
				A47A7AE920C5632C0020CD77 /* Info.plist */,
			);
			path = RealmPracticeUITests;
			sourceTree = "<group>";
		};
		A4C63F4720C642FD0004CDD6 /* Extensions */ = {
			isa = PBXGroup;
			children = (
				A4C63F4820C643600004CDD6 /* UIColor+onoColorSquare.swift */,
			);
			path = Extensions;
			sourceTree = "<group>";
		};
		B109BFBD261AA3E94637551C /* Frameworks */ = {
			isa = PBXGroup;
			children = (
				A47A7AF520C567470020CD77 /* Realm.framework */,
				A47A7AF720C567470020CD77 /* RealmSwift.framework */,
				13F2E12685702B2AA4EDB99C /* Pods_RealmPractice.framework */,
			);
			name = Frameworks;
			sourceTree = "<group>";
		};
/* End PBXGroup section */

/* Begin PBXNativeTarget section */
		A47A7AC320C5632B0020CD77 /* RealmPractice */ = {
			isa = PBXNativeTarget;
			buildConfigurationList = A47A7AEC20C5632C0020CD77 /* Build configuration list for PBXNativeTarget "RealmPractice" */;
			buildPhases = (
				14A4AF15EADEF4CEB53B1207 /* [CP] Check Pods Manifest.lock */,
				A47A7AC020C5632B0020CD77 /* Sources */,
				A47A7AC120C5632B0020CD77 /* Frameworks */,
				A47A7AC220C5632B0020CD77 /* Resources */,
				E60FB8E91750F67AA88F0E79 /* [CP] Embed Pods Frameworks */,
				BDB860BD769F8D3603E8C6B8 /* [CP] Copy Pods Resources */,
			);
			buildRules = (
			);
			dependencies = (
			);
			name = RealmPractice;
			productName = RealmPractice;
			productReference = A47A7AC420C5632B0020CD77 /* RealmPractice.app */;
			productType = "com.apple.product-type.application";
		};
		A47A7AD720C5632C0020CD77 /* RealmPracticeTests */ = {
			isa = PBXNativeTarget;
			buildConfigurationList = A47A7AEF20C5632C0020CD77 /* Build configuration list for PBXNativeTarget "RealmPracticeTests" */;
			buildPhases = (
				A47A7AD420C5632C0020CD77 /* Sources */,
				A47A7AD520C5632C0020CD77 /* Frameworks */,
				A47A7AD620C5632C0020CD77 /* Resources */,
			);
			buildRules = (
			);
			dependencies = (
				A47A7ADA20C5632C0020CD77 /* PBXTargetDependency */,
			);
			name = RealmPracticeTests;
			productName = RealmPracticeTests;
			productReference = A47A7AD820C5632C0020CD77 /* RealmPracticeTests.xctest */;
			productType = "com.apple.product-type.bundle.unit-test";
		};
		A47A7AE220C5632C0020CD77 /* RealmPracticeUITests */ = {
			isa = PBXNativeTarget;
			buildConfigurationList = A47A7AF220C5632C0020CD77 /* Build configuration list for PBXNativeTarget "RealmPracticeUITests" */;
			buildPhases = (
				A47A7ADF20C5632C0020CD77 /* Sources */,
				A47A7AE020C5632C0020CD77 /* Frameworks */,
				A47A7AE120C5632C0020CD77 /* Resources */,
			);
			buildRules = (
			);
			dependencies = (
				A47A7AE520C5632C0020CD77 /* PBXTargetDependency */,
			);
			name = RealmPracticeUITests;
			productName = RealmPracticeUITests;
			productReference = A47A7AE320C5632C0020CD77 /* RealmPracticeUITests.xctest */;
			productType = "com.apple.product-type.bundle.ui-testing";
		};
/* End PBXNativeTarget section */

/* Begin PBXProject section */
		A47A7ABC20C5632B0020CD77 /* Project object */ = {
			isa = PBXProject;
			attributes = {
				LastSwiftUpdateCheck = 0940;
				LastUpgradeCheck = 0940;
				ORGANIZATIONNAME = "梅津吉雅";
				TargetAttributes = {
					A47A7AC320C5632B0020CD77 = {
						CreatedOnToolsVersion = 9.4;
						SystemCapabilities = {
							com.apple.BackgroundModes = {
								enabled = 1;
							};
						};
					};
					A47A7AD720C5632C0020CD77 = {
						CreatedOnToolsVersion = 9.4;
						TestTargetID = A47A7AC320C5632B0020CD77;
					};
					A47A7AE220C5632C0020CD77 = {
						CreatedOnToolsVersion = 9.4;
						TestTargetID = A47A7AC320C5632B0020CD77;
					};
				};
			};
			buildConfigurationList = A47A7ABF20C5632B0020CD77 /* Build configuration list for PBXProject "RealmPractice" */;
			compatibilityVersion = "Xcode 9.3";
			developmentRegion = en;
			hasScannedForEncodings = 0;
			knownRegions = (
				en,
				Base,
			);
			mainGroup = A47A7ABB20C5632B0020CD77;
			productRefGroup = A47A7AC520C5632B0020CD77 /* Products */;
			projectDirPath = "";
			projectRoot = "";
			targets = (
				A47A7AC320C5632B0020CD77 /* RealmPractice */,
				A47A7AD720C5632C0020CD77 /* RealmPracticeTests */,
				A47A7AE220C5632C0020CD77 /* RealmPracticeUITests */,
			);
		};
/* End PBXProject section */

/* Begin PBXResourcesBuildPhase section */
		A47A7AC220C5632B0020CD77 /* Resources */ = {
			isa = PBXResourcesBuildPhase;
			buildActionMask = 2147483647;
			files = (
				A47A7AD220C5632C0020CD77 /* LaunchScreen.storyboard in Resources */,
				A47A7ACF20C5632C0020CD77 /* Assets.xcassets in Resources */,
				A47A7ACD20C5632B0020CD77 /* Main.storyboard in Resources */,
			);
			runOnlyForDeploymentPostprocessing = 0;
		};
		A47A7AD620C5632C0020CD77 /* Resources */ = {
			isa = PBXResourcesBuildPhase;
			buildActionMask = 2147483647;
			files = (
			);
			runOnlyForDeploymentPostprocessing = 0;
		};
		A47A7AE120C5632C0020CD77 /* Resources */ = {
			isa = PBXResourcesBuildPhase;
			buildActionMask = 2147483647;
			files = (
			);
			runOnlyForDeploymentPostprocessing = 0;
		};
/* End PBXResourcesBuildPhase section */

/* Begin PBXShellScriptBuildPhase section */
		14A4AF15EADEF4CEB53B1207 /* [CP] Check Pods Manifest.lock */ = {
			isa = PBXShellScriptBuildPhase;
			buildActionMask = 2147483647;
			files = (
			);
			inputPaths = (
				"${PODS_PODFILE_DIR_PATH}/Podfile.lock",
				"${PODS_ROOT}/Manifest.lock",
			);
			name = "[CP] Check Pods Manifest.lock";
			outputPaths = (
				"$(DERIVED_FILE_DIR)/Pods-RealmPractice-checkManifestLockResult.txt",
			);
			runOnlyForDeploymentPostprocessing = 0;
			shellPath = /bin/sh;
			shellScript = "diff \"${PODS_PODFILE_DIR_PATH}/Podfile.lock\" \"${PODS_ROOT}/Manifest.lock\" > /dev/null\nif [ $? != 0 ] ; then\n    # print error to STDERR\n    echo \"error: The sandbox is not in sync with the Podfile.lock. Run 'pod install' or update your CocoaPods installation.\" >&2\n    exit 1\nfi\n# This output is used by Xcode 'outputs' to avoid re-running this script phase.\necho \"SUCCESS\" > \"${SCRIPT_OUTPUT_FILE_0}\"\n";
			showEnvVarsInLog = 0;
		};
		BDB860BD769F8D3603E8C6B8 /* [CP] Copy Pods Resources */ = {
			isa = PBXShellScriptBuildPhase;
			buildActionMask = 2147483647;
			files = (
			);
			inputPaths = (
			);
			name = "[CP] Copy Pods Resources";
			outputPaths = (
			);
			runOnlyForDeploymentPostprocessing = 0;
			shellPath = /bin/sh;
			shellScript = "\"${SRCROOT}/Pods/Target Support Files/Pods-RealmPractice/Pods-RealmPractice-resources.sh\"\n";
			showEnvVarsInLog = 0;
		};
		E60FB8E91750F67AA88F0E79 /* [CP] Embed Pods Frameworks */ = {
			isa = PBXShellScriptBuildPhase;
			buildActionMask = 2147483647;
			files = (
			);
			inputPaths = (
				"${SRCROOT}/Pods/Target Support Files/Pods-RealmPractice/Pods-RealmPractice-frameworks.sh",
				"${BUILT_PRODUCTS_DIR}/Realm/Realm.framework",
				"${BUILT_PRODUCTS_DIR}/RealmSwift/RealmSwift.framework",
			);
			name = "[CP] Embed Pods Frameworks";
			outputPaths = (
				"${TARGET_BUILD_DIR}/${FRAMEWORKS_FOLDER_PATH}/Realm.framework",
				"${TARGET_BUILD_DIR}/${FRAMEWORKS_FOLDER_PATH}/RealmSwift.framework",
			);
			runOnlyForDeploymentPostprocessing = 0;
			shellPath = /bin/sh;
			shellScript = "\"${SRCROOT}/Pods/Target Support Files/Pods-RealmPractice/Pods-RealmPractice-frameworks.sh\"\n";
			showEnvVarsInLog = 0;
		};
/* End PBXShellScriptBuildPhase section */

/* Begin PBXSourcesBuildPhase section */
		A47A7AC020C5632B0020CD77 /* Sources */ = {
			isa = PBXSourcesBuildPhase;
			buildActionMask = 2147483647;
			files = (
				A4C63F4B20C66ECE0004CDD6 /* Artwork.swift in Sources */,
				A420B27420C61B2900448C70 /* MPMUSICViewController.swift in Sources */,
				A420B27220C5870A00448C70 /* PlaylistViewController.swift in Sources */,
				A47A7AFA20C56A220020CD77 /* Song.swift in Sources */,
				A4C63F4920C643600004CDD6 /* UIColor+onoColorSquare.swift in Sources */,
				A47A7ACA20C5632B0020CD77 /* ViewController.swift in Sources */,
				A47A7AC820C5632B0020CD77 /* AppDelegate.swift in Sources */,
			);
			runOnlyForDeploymentPostprocessing = 0;
		};
		A47A7AD420C5632C0020CD77 /* Sources */ = {
			isa = PBXSourcesBuildPhase;
			buildActionMask = 2147483647;
			files = (
				A47A7ADD20C5632C0020CD77 /* RealmPracticeTests.swift in Sources */,
			);
			runOnlyForDeploymentPostprocessing = 0;
		};
		A47A7ADF20C5632C0020CD77 /* Sources */ = {
			isa = PBXSourcesBuildPhase;
			buildActionMask = 2147483647;
			files = (
				A47A7AE820C5632C0020CD77 /* RealmPracticeUITests.swift in Sources */,
			);
			runOnlyForDeploymentPostprocessing = 0;
		};
/* End PBXSourcesBuildPhase section */

/* Begin PBXTargetDependency section */
		A47A7ADA20C5632C0020CD77 /* PBXTargetDependency */ = {
			isa = PBXTargetDependency;
			target = A47A7AC320C5632B0020CD77 /* RealmPractice */;
			targetProxy = A47A7AD920C5632C0020CD77 /* PBXContainerItemProxy */;
		};
		A47A7AE520C5632C0020CD77 /* PBXTargetDependency */ = {
			isa = PBXTargetDependency;
			target = A47A7AC320C5632B0020CD77 /* RealmPractice */;
			targetProxy = A47A7AE420C5632C0020CD77 /* PBXContainerItemProxy */;
		};
/* End PBXTargetDependency section */

/* Begin PBXVariantGroup section */
		A47A7ACB20C5632B0020CD77 /* Main.storyboard */ = {
			isa = PBXVariantGroup;
			children = (
				A47A7ACC20C5632B0020CD77 /* Base */,
			);
			name = Main.storyboard;
			sourceTree = "<group>";
		};
		A47A7AD020C5632C0020CD77 /* LaunchScreen.storyboard */ = {
			isa = PBXVariantGroup;
			children = (
				A47A7AD120C5632C0020CD77 /* Base */,
			);
			name = LaunchScreen.storyboard;
			sourceTree = "<group>";
		};
/* End PBXVariantGroup section */

/* Begin XCBuildConfiguration section */
		A47A7AEA20C5632C0020CD77 /* Debug */ = {
			isa = XCBuildConfiguration;
			buildSettings = {
				ALWAYS_SEARCH_USER_PATHS = NO;
				CLANG_ANALYZER_NONNULL = YES;
				CLANG_ANALYZER_NUMBER_OBJECT_CONVERSION = YES_AGGRESSIVE;
				CLANG_CXX_LANGUAGE_STANDARD = "gnu++14";
				CLANG_CXX_LIBRARY = "libc++";
				CLANG_ENABLE_MODULES = YES;
				CLANG_ENABLE_OBJC_ARC = YES;
				CLANG_ENABLE_OBJC_WEAK = YES;
				CLANG_WARN_BLOCK_CAPTURE_AUTORELEASING = YES;
				CLANG_WARN_BOOL_CONVERSION = YES;
				CLANG_WARN_COMMA = YES;
				CLANG_WARN_CONSTANT_CONVERSION = YES;
				CLANG_WARN_DEPRECATED_OBJC_IMPLEMENTATIONS = YES;
				CLANG_WARN_DIRECT_OBJC_ISA_USAGE = YES_ERROR;
				CLANG_WARN_DOCUMENTATION_COMMENTS = YES;
				CLANG_WARN_EMPTY_BODY = YES;
				CLANG_WARN_ENUM_CONVERSION = YES;
				CLANG_WARN_INFINITE_RECURSION = YES;
				CLANG_WARN_INT_CONVERSION = YES;
				CLANG_WARN_NON_LITERAL_NULL_CONVERSION = YES;
				CLANG_WARN_OBJC_IMPLICIT_RETAIN_SELF = YES;
				CLANG_WARN_OBJC_LITERAL_CONVERSION = YES;
				CLANG_WARN_OBJC_ROOT_CLASS = YES_ERROR;
				CLANG_WARN_RANGE_LOOP_ANALYSIS = YES;
				CLANG_WARN_STRICT_PROTOTYPES = YES;
				CLANG_WARN_SUSPICIOUS_MOVE = YES;
				CLANG_WARN_UNGUARDED_AVAILABILITY = YES_AGGRESSIVE;
				CLANG_WARN_UNREACHABLE_CODE = YES;
				CLANG_WARN__DUPLICATE_METHOD_MATCH = YES;
				CODE_SIGN_IDENTITY = "iPhone Developer";
				COPY_PHASE_STRIP = NO;
				DEBUG_INFORMATION_FORMAT = dwarf;
				ENABLE_STRICT_OBJC_MSGSEND = YES;
				ENABLE_TESTABILITY = YES;
				GCC_C_LANGUAGE_STANDARD = gnu11;
				GCC_DYNAMIC_NO_PIC = NO;
				GCC_NO_COMMON_BLOCKS = YES;
				GCC_OPTIMIZATION_LEVEL = 0;
				GCC_PREPROCESSOR_DEFINITIONS = (
					"DEBUG=1",
					"$(inherited)",
				);
				GCC_WARN_64_TO_32_BIT_CONVERSION = YES;
				GCC_WARN_ABOUT_RETURN_TYPE = YES_ERROR;
				GCC_WARN_UNDECLARED_SELECTOR = YES;
				GCC_WARN_UNINITIALIZED_AUTOS = YES_AGGRESSIVE;
				GCC_WARN_UNUSED_FUNCTION = YES;
				GCC_WARN_UNUSED_VARIABLE = YES;
				IPHONEOS_DEPLOYMENT_TARGET = 11.4;
				MTL_ENABLE_DEBUG_INFO = YES;
				ONLY_ACTIVE_ARCH = YES;
				SDKROOT = iphoneos;
				SWIFT_ACTIVE_COMPILATION_CONDITIONS = DEBUG;
				SWIFT_OPTIMIZATION_LEVEL = "-Onone";
			};
			name = Debug;
		};
		A47A7AEB20C5632C0020CD77 /* Release */ = {
			isa = XCBuildConfiguration;
			buildSettings = {
				ALWAYS_SEARCH_USER_PATHS = NO;
				CLANG_ANALYZER_NONNULL = YES;
				CLANG_ANALYZER_NUMBER_OBJECT_CONVERSION = YES_AGGRESSIVE;
				CLANG_CXX_LANGUAGE_STANDARD = "gnu++14";
				CLANG_CXX_LIBRARY = "libc++";
				CLANG_ENABLE_MODULES = YES;
				CLANG_ENABLE_OBJC_ARC = YES;
				CLANG_ENABLE_OBJC_WEAK = YES;
				CLANG_WARN_BLOCK_CAPTURE_AUTORELEASING = YES;
				CLANG_WARN_BOOL_CONVERSION = YES;
				CLANG_WARN_COMMA = YES;
				CLANG_WARN_CONSTANT_CONVERSION = YES;
				CLANG_WARN_DEPRECATED_OBJC_IMPLEMENTATIONS = YES;
				CLANG_WARN_DIRECT_OBJC_ISA_USAGE = YES_ERROR;
				CLANG_WARN_DOCUMENTATION_COMMENTS = YES;
				CLANG_WARN_EMPTY_BODY = YES;
				CLANG_WARN_ENUM_CONVERSION = YES;
				CLANG_WARN_INFINITE_RECURSION = YES;
				CLANG_WARN_INT_CONVERSION = YES;
				CLANG_WARN_NON_LITERAL_NULL_CONVERSION = YES;
				CLANG_WARN_OBJC_IMPLICIT_RETAIN_SELF = YES;
				CLANG_WARN_OBJC_LITERAL_CONVERSION = YES;
				CLANG_WARN_OBJC_ROOT_CLASS = YES_ERROR;
				CLANG_WARN_RANGE_LOOP_ANALYSIS = YES;
				CLANG_WARN_STRICT_PROTOTYPES = YES;
				CLANG_WARN_SUSPICIOUS_MOVE = YES;
				CLANG_WARN_UNGUARDED_AVAILABILITY = YES_AGGRESSIVE;
				CLANG_WARN_UNREACHABLE_CODE = YES;
				CLANG_WARN__DUPLICATE_METHOD_MATCH = YES;
				CODE_SIGN_IDENTITY = "iPhone Developer";
				COPY_PHASE_STRIP = NO;
				DEBUG_INFORMATION_FORMAT = "dwarf-with-dsym";
				ENABLE_NS_ASSERTIONS = NO;
				ENABLE_STRICT_OBJC_MSGSEND = YES;
				GCC_C_LANGUAGE_STANDARD = gnu11;
				GCC_NO_COMMON_BLOCKS = YES;
				GCC_WARN_64_TO_32_BIT_CONVERSION = YES;
				GCC_WARN_ABOUT_RETURN_TYPE = YES_ERROR;
				GCC_WARN_UNDECLARED_SELECTOR = YES;
				GCC_WARN_UNINITIALIZED_AUTOS = YES_AGGRESSIVE;
				GCC_WARN_UNUSED_FUNCTION = YES;
				GCC_WARN_UNUSED_VARIABLE = YES;
				IPHONEOS_DEPLOYMENT_TARGET = 11.4;
				MTL_ENABLE_DEBUG_INFO = NO;
				SDKROOT = iphoneos;
				SWIFT_COMPILATION_MODE = wholemodule;
				SWIFT_OPTIMIZATION_LEVEL = "-O";
				VALIDATE_PRODUCT = YES;
			};
			name = Release;
		};
		A47A7AED20C5632C0020CD77 /* Debug */ = {
			isa = XCBuildConfiguration;
			baseConfigurationReference = 9FC88AB3F2E166ADCB27CDD6 /* Pods-RealmPractice.debug.xcconfig */;
			buildSettings = {
				ASSETCATALOG_COMPILER_APPICON_NAME = AppIcon;
				CODE_SIGN_STYLE = Automatic;
				DEVELOPMENT_TEAM = KU758TC7WL;
				INFOPLIST_FILE = RealmPractice/Info.plist;
				LD_RUNPATH_SEARCH_PATHS = (
					"$(inherited)",
					"@executable_path/Frameworks",
				);
				PRODUCT_BUNDLE_IDENTIFIER = edu.self.RealmPractice;
				PRODUCT_NAME = "$(TARGET_NAME)";
				SWIFT_VERSION = 4.0;
				TARGETED_DEVICE_FAMILY = "1,2";
			};
			name = Debug;
		};
		A47A7AEE20C5632C0020CD77 /* Release */ = {
			isa = XCBuildConfiguration;
			baseConfigurationReference = 39A79AB3B0FF778725321961 /* Pods-RealmPractice.release.xcconfig */;
			buildSettings = {
				ASSETCATALOG_COMPILER_APPICON_NAME = AppIcon;
				CODE_SIGN_STYLE = Automatic;
				DEVELOPMENT_TEAM = KU758TC7WL;
				INFOPLIST_FILE = RealmPractice/Info.plist;
				LD_RUNPATH_SEARCH_PATHS = (
					"$(inherited)",
					"@executable_path/Frameworks",
				);
				PRODUCT_BUNDLE_IDENTIFIER = edu.self.RealmPractice;
				PRODUCT_NAME = "$(TARGET_NAME)";
				SWIFT_VERSION = 4.0;
				TARGETED_DEVICE_FAMILY = "1,2";
			};
			name = Release;
		};
		A47A7AF020C5632C0020CD77 /* Debug */ = {
			isa = XCBuildConfiguration;
			buildSettings = {
				ALWAYS_EMBED_SWIFT_STANDARD_LIBRARIES = YES;
				BUNDLE_LOADER = "$(TEST_HOST)";
				CODE_SIGN_STYLE = Automatic;
				DEVELOPMENT_TEAM = KU758TC7WL;
				INFOPLIST_FILE = RealmPracticeTests/Info.plist;
				LD_RUNPATH_SEARCH_PATHS = (
					"$(inherited)",
					"@executable_path/Frameworks",
					"@loader_path/Frameworks",
				);
				PRODUCT_BUNDLE_IDENTIFIER = edu.self.RealmPracticeTests;
				PRODUCT_NAME = "$(TARGET_NAME)";
				SWIFT_VERSION = 4.0;
				TARGETED_DEVICE_FAMILY = "1,2";
				TEST_HOST = "$(BUILT_PRODUCTS_DIR)/RealmPractice.app/RealmPractice";
			};
			name = Debug;
		};
		A47A7AF120C5632C0020CD77 /* Release */ = {
			isa = XCBuildConfiguration;
			buildSettings = {
				ALWAYS_EMBED_SWIFT_STANDARD_LIBRARIES = YES;
				BUNDLE_LOADER = "$(TEST_HOST)";
				CODE_SIGN_STYLE = Automatic;
				DEVELOPMENT_TEAM = KU758TC7WL;
				INFOPLIST_FILE = RealmPracticeTests/Info.plist;
				LD_RUNPATH_SEARCH_PATHS = (
					"$(inherited)",
					"@executable_path/Frameworks",
					"@loader_path/Frameworks",
				);
				PRODUCT_BUNDLE_IDENTIFIER = edu.self.RealmPracticeTests;
				PRODUCT_NAME = "$(TARGET_NAME)";
				SWIFT_VERSION = 4.0;
				TARGETED_DEVICE_FAMILY = "1,2";
				TEST_HOST = "$(BUILT_PRODUCTS_DIR)/RealmPractice.app/RealmPractice";
			};
			name = Release;
		};
		A47A7AF320C5632C0020CD77 /* Debug */ = {
			isa = XCBuildConfiguration;
			buildSettings = {
				ALWAYS_EMBED_SWIFT_STANDARD_LIBRARIES = YES;
				CODE_SIGN_STYLE = Automatic;
				DEVELOPMENT_TEAM = KU758TC7WL;
				INFOPLIST_FILE = RealmPracticeUITests/Info.plist;
				LD_RUNPATH_SEARCH_PATHS = (
					"$(inherited)",
					"@executable_path/Frameworks",
					"@loader_path/Frameworks",
				);
				PRODUCT_BUNDLE_IDENTIFIER = edu.self.RealmPracticeUITests;
				PRODUCT_NAME = "$(TARGET_NAME)";
				SWIFT_VERSION = 4.0;
				TARGETED_DEVICE_FAMILY = "1,2";
				TEST_TARGET_NAME = RealmPractice;
			};
			name = Debug;
		};
		A47A7AF420C5632C0020CD77 /* Release */ = {
			isa = XCBuildConfiguration;
			buildSettings = {
				ALWAYS_EMBED_SWIFT_STANDARD_LIBRARIES = YES;
				CODE_SIGN_STYLE = Automatic;
				DEVELOPMENT_TEAM = KU758TC7WL;
				INFOPLIST_FILE = RealmPracticeUITests/Info.plist;
				LD_RUNPATH_SEARCH_PATHS = (
					"$(inherited)",
					"@executable_path/Frameworks",
					"@loader_path/Frameworks",
				);
				PRODUCT_BUNDLE_IDENTIFIER = edu.self.RealmPracticeUITests;
				PRODUCT_NAME = "$(TARGET_NAME)";
				SWIFT_VERSION = 4.0;
				TARGETED_DEVICE_FAMILY = "1,2";
				TEST_TARGET_NAME = RealmPractice;
			};
			name = Release;
		};
/* End XCBuildConfiguration section */

/* Begin XCConfigurationList section */
		A47A7ABF20C5632B0020CD77 /* Build configuration list for PBXProject "RealmPractice" */ = {
			isa = XCConfigurationList;
			buildConfigurations = (
				A47A7AEA20C5632C0020CD77 /* Debug */,
				A47A7AEB20C5632C0020CD77 /* Release */,
			);
			defaultConfigurationIsVisible = 0;
			defaultConfigurationName = Release;
		};
		A47A7AEC20C5632C0020CD77 /* Build configuration list for PBXNativeTarget "RealmPractice" */ = {
			isa = XCConfigurationList;
			buildConfigurations = (
				A47A7AED20C5632C0020CD77 /* Debug */,
				A47A7AEE20C5632C0020CD77 /* Release */,
			);
			defaultConfigurationIsVisible = 0;
			defaultConfigurationName = Release;
		};
		A47A7AEF20C5632C0020CD77 /* Build configuration list for PBXNativeTarget "RealmPracticeTests" */ = {
			isa = XCConfigurationList;
			buildConfigurations = (
				A47A7AF020C5632C0020CD77 /* Debug */,
				A47A7AF120C5632C0020CD77 /* Release */,
			);
			defaultConfigurationIsVisible = 0;
			defaultConfigurationName = Release;
		};
		A47A7AF220C5632C0020CD77 /* Build configuration list for PBXNativeTarget "RealmPracticeUITests" */ = {
			isa = XCConfigurationList;
			buildConfigurations = (
				A47A7AF320C5632C0020CD77 /* Debug */,
				A47A7AF420C5632C0020CD77 /* Release */,
			);
			defaultConfigurationIsVisible = 0;
			defaultConfigurationName = Release;
		};
/* End XCConfigurationList section */
	};
	rootObject = A47A7ABC20C5632B0020CD77 /* Project object */;
}
