// !$*UTF8*$!
{
	archiveVersion = 1;
	classes = {
	};
	objectVersion = 50;
	objects = {

/* Begin PBXBuildFile section */
		A42DE66120C2C26300194E87 /* AppDelegate.swift in Sources */ = {isa = PBXBuildFile; fileRef = A42DE66020C2C26300194E87 /* AppDelegate.swift */; };
		A42DE66320C2C26300194E87 /* ViewController.swift in Sources */ = {isa = PBXBuildFile; fileRef = A42DE66220C2C26300194E87 /* ViewController.swift */; };
		A42DE66620C2C26300194E87 /* Main.storyboard in Resources */ = {isa = PBXBuildFile; fileRef = A42DE66420C2C26300194E87 /* Main.storyboard */; };
		A42DE66820C2C26400194E87 /* Assets.xcassets in Resources */ = {isa = PBXBuildFile; fileRef = A42DE66720C2C26400194E87 /* Assets.xcassets */; };
		A42DE66B20C2C26400194E87 /* LaunchScreen.storyboard in Resources */ = {isa = PBXBuildFile; fileRef = A42DE66920C2C26400194E87 /* LaunchScreen.storyboard */; };
		A42DE67620C2C26500194E87 /* RealmSampleTests.swift in Sources */ = {isa = PBXBuildFile; fileRef = A42DE67520C2C26500194E87 /* RealmSampleTests.swift */; };
		A42DE68120C2C26500194E87 /* RealmSampleUITests.swift in Sources */ = {isa = PBXBuildFile; fileRef = A42DE68020C2C26500194E87 /* RealmSampleUITests.swift */; };
/* End PBXBuildFile section */

/* Begin PBXContainerItemProxy section */
		A42DE67220C2C26500194E87 /* PBXContainerItemProxy */ = {
			isa = PBXContainerItemProxy;
			containerPortal = A42DE65520C2C26300194E87 /* Project object */;
			proxyType = 1;
			remoteGlobalIDString = A42DE65C20C2C26300194E87;
			remoteInfo = RealmSample;
		};
		A42DE67D20C2C26500194E87 /* PBXContainerItemProxy */ = {
			isa = PBXContainerItemProxy;
			containerPortal = A42DE65520C2C26300194E87 /* Project object */;
			proxyType = 1;
			remoteGlobalIDString = A42DE65C20C2C26300194E87;
			remoteInfo = RealmSample;
		};
/* End PBXContainerItemProxy section */

/* Begin PBXFileReference section */
		A42DE65D20C2C26300194E87 /* RealmSample.app */ = {isa = PBXFileReference; explicitFileType = wrapper.application; includeInIndex = 0; path = RealmSample.app; sourceTree = BUILT_PRODUCTS_DIR; };
		A42DE66020C2C26300194E87 /* AppDelegate.swift */ = {isa = PBXFileReference; lastKnownFileType = sourcecode.swift; path = AppDelegate.swift; sourceTree = "<group>"; };
		A42DE66220C2C26300194E87 /* ViewController.swift */ = {isa = PBXFileReference; lastKnownFileType = sourcecode.swift; path = ViewController.swift; sourceTree = "<group>"; };
		A42DE66520C2C26300194E87 /* Base */ = {isa = PBXFileReference; lastKnownFileType = file.storyboard; name = Base; path = Base.lproj/Main.storyboard; sourceTree = "<group>"; };
		A42DE66720C2C26400194E87 /* Assets.xcassets */ = {isa = PBXFileReference; lastKnownFileType = folder.assetcatalog; path = Assets.xcassets; sourceTree = "<group>"; };
		A42DE66A20C2C26400194E87 /* Base */ = {isa = PBXFileReference; lastKnownFileType = file.storyboard; name = Base; path = Base.lproj/LaunchScreen.storyboard; sourceTree = "<group>"; };
		A42DE66C20C2C26400194E87 /* Info.plist */ = {isa = PBXFileReference; lastKnownFileType = text.plist.xml; path = Info.plist; sourceTree = "<group>"; };
		A42DE67120C2C26500194E87 /* RealmSampleTests.xctest */ = {isa = PBXFileReference; explicitFileType = wrapper.cfbundle; includeInIndex = 0; path = RealmSampleTests.xctest; sourceTree = BUILT_PRODUCTS_DIR; };
		A42DE67520C2C26500194E87 /* RealmSampleTests.swift */ = {isa = PBXFileReference; lastKnownFileType = sourcecode.swift; path = RealmSampleTests.swift; sourceTree = "<group>"; };
		A42DE67720C2C26500194E87 /* Info.plist */ = {isa = PBXFileReference; lastKnownFileType = text.plist.xml; path = Info.plist; sourceTree = "<group>"; };
		A42DE67C20C2C26500194E87 /* RealmSampleUITests.xctest */ = {isa = PBXFileReference; explicitFileType = wrapper.cfbundle; includeInIndex = 0; path = RealmSampleUITests.xctest; sourceTree = BUILT_PRODUCTS_DIR; };
		A42DE68020C2C26500194E87 /* RealmSampleUITests.swift */ = {isa = PBXFileReference; lastKnownFileType = sourcecode.swift; path = RealmSampleUITests.swift; sourceTree = "<group>"; };
		A42DE68220C2C26500194E87 /* Info.plist */ = {isa = PBXFileReference; lastKnownFileType = text.plist.xml; path = Info.plist; sourceTree = "<group>"; };
/* End PBXFileReference section */

/* Begin PBXFrameworksBuildPhase section */
		A42DE65A20C2C26300194E87 /* Frameworks */ = {
			isa = PBXFrameworksBuildPhase;
			buildActionMask = 2147483647;
			files = (
			);
			runOnlyForDeploymentPostprocessing = 0;
		};
		A42DE66E20C2C26500194E87 /* Frameworks */ = {
			isa = PBXFrameworksBuildPhase;
			buildActionMask = 2147483647;
			files = (
			);
			runOnlyForDeploymentPostprocessing = 0;
		};
		A42DE67920C2C26500194E87 /* Frameworks */ = {
			isa = PBXFrameworksBuildPhase;
			buildActionMask = 2147483647;
			files = (
			);
			runOnlyForDeploymentPostprocessing = 0;
		};
/* End PBXFrameworksBuildPhase section */

/* Begin PBXGroup section */
		A42DE65420C2C26300194E87 = {
			isa = PBXGroup;
			children = (
				A42DE65F20C2C26300194E87 /* RealmSample */,
				A42DE67420C2C26500194E87 /* RealmSampleTests */,
				A42DE67F20C2C26500194E87 /* RealmSampleUITests */,
				A42DE65E20C2C26300194E87 /* Products */,
			);
			sourceTree = "<group>";
		};
		A42DE65E20C2C26300194E87 /* Products */ = {
			isa = PBXGroup;
			children = (
				A42DE65D20C2C26300194E87 /* RealmSample.app */,
				A42DE67120C2C26500194E87 /* RealmSampleTests.xctest */,
				A42DE67C20C2C26500194E87 /* RealmSampleUITests.xctest */,
			);
			name = Products;
			sourceTree = "<group>";
		};
		A42DE65F20C2C26300194E87 /* RealmSample */ = {
			isa = PBXGroup;
			children = (
				A42DE66020C2C26300194E87 /* AppDelegate.swift */,
				A42DE66220C2C26300194E87 /* ViewController.swift */,
				A42DE66420C2C26300194E87 /* Main.storyboard */,
				A42DE66720C2C26400194E87 /* Assets.xcassets */,
				A42DE66920C2C26400194E87 /* LaunchScreen.storyboard */,
				A42DE66C20C2C26400194E87 /* Info.plist */,
			);
			path = RealmSample;
			sourceTree = "<group>";
		};
		A42DE67420C2C26500194E87 /* RealmSampleTests */ = {
			isa = PBXGroup;
			children = (
				A42DE67520C2C26500194E87 /* RealmSampleTests.swift */,
				A42DE67720C2C26500194E87 /* Info.plist */,
			);
			path = RealmSampleTests;
			sourceTree = "<group>";
		};
		A42DE67F20C2C26500194E87 /* RealmSampleUITests */ = {
			isa = PBXGroup;
			children = (
				A42DE68020C2C26500194E87 /* RealmSampleUITests.swift */,
				A42DE68220C2C26500194E87 /* Info.plist */,
			);
			path = RealmSampleUITests;
			sourceTree = "<group>";
		};
/* End PBXGroup section */

/* Begin PBXNativeTarget section */
		A42DE65C20C2C26300194E87 /* RealmSample */ = {
			isa = PBXNativeTarget;
			buildConfigurationList = A42DE68520C2C26500194E87 /* Build configuration list for PBXNativeTarget "RealmSample" */;
			buildPhases = (
				A42DE65920C2C26300194E87 /* Sources */,
				A42DE65A20C2C26300194E87 /* Frameworks */,
				A42DE65B20C2C26300194E87 /* Resources */,
			);
			buildRules = (
			);
			dependencies = (
			);
			name = RealmSample;
			productName = RealmSample;
			productReference = A42DE65D20C2C26300194E87 /* RealmSample.app */;
			productType = "com.apple.product-type.application";
		};
		A42DE67020C2C26500194E87 /* RealmSampleTests */ = {
			isa = PBXNativeTarget;
			buildConfigurationList = A42DE68820C2C26500194E87 /* Build configuration list for PBXNativeTarget "RealmSampleTests" */;
			buildPhases = (
				A42DE66D20C2C26500194E87 /* Sources */,
				A42DE66E20C2C26500194E87 /* Frameworks */,
				A42DE66F20C2C26500194E87 /* Resources */,
			);
			buildRules = (
			);
			dependencies = (
				A42DE67320C2C26500194E87 /* PBXTargetDependency */,
			);
			name = RealmSampleTests;
			productName = RealmSampleTests;
			productReference = A42DE67120C2C26500194E87 /* RealmSampleTests.xctest */;
			productType = "com.apple.product-type.bundle.unit-test";
		};
		A42DE67B20C2C26500194E87 /* RealmSampleUITests */ = {
			isa = PBXNativeTarget;
			buildConfigurationList = A42DE68B20C2C26500194E87 /* Build configuration list for PBXNativeTarget "RealmSampleUITests" */;
			buildPhases = (
				A42DE67820C2C26500194E87 /* Sources */,
				A42DE67920C2C26500194E87 /* Frameworks */,
				A42DE67A20C2C26500194E87 /* Resources */,
			);
			buildRules = (
			);
			dependencies = (
				A42DE67E20C2C26500194E87 /* PBXTargetDependency */,
			);
			name = RealmSampleUITests;
			productName = RealmSampleUITests;
			productReference = A42DE67C20C2C26500194E87 /* RealmSampleUITests.xctest */;
			productType = "com.apple.product-type.bundle.ui-testing";
		};
/* End PBXNativeTarget section */

/* Begin PBXProject section */
		A42DE65520C2C26300194E87 /* Project object */ = {
			isa = PBXProject;
			attributes = {
				LastSwiftUpdateCheck = 0940;
				LastUpgradeCheck = 0940;
				ORGANIZATIONNAME = "梅津吉雅";
				TargetAttributes = {
					A42DE65C20C2C26300194E87 = {
						CreatedOnToolsVersion = 9.4;
					};
					A42DE67020C2C26500194E87 = {
						CreatedOnToolsVersion = 9.4;
						TestTargetID = A42DE65C20C2C26300194E87;
					};
					A42DE67B20C2C26500194E87 = {
						CreatedOnToolsVersion = 9.4;
						TestTargetID = A42DE65C20C2C26300194E87;
					};
				};
			};
			buildConfigurationList = A42DE65820C2C26300194E87 /* Build configuration list for PBXProject "RealmSample" */;
			compatibilityVersion = "Xcode 9.3";
			developmentRegion = en;
			hasScannedForEncodings = 0;
			knownRegions = (
				en,
				Base,
			);
			mainGroup = A42DE65420C2C26300194E87;
			productRefGroup = A42DE65E20C2C26300194E87 /* Products */;
			projectDirPath = "";
			projectRoot = "";
			targets = (
				A42DE65C20C2C26300194E87 /* RealmSample */,
				A42DE67020C2C26500194E87 /* RealmSampleTests */,
				A42DE67B20C2C26500194E87 /* RealmSampleUITests */,
			);
		};
/* End PBXProject section */

/* Begin PBXResourcesBuildPhase section */
		A42DE65B20C2C26300194E87 /* Resources */ = {
			isa = PBXResourcesBuildPhase;
			buildActionMask = 2147483647;
			files = (
				A42DE66B20C2C26400194E87 /* LaunchScreen.storyboard in Resources */,
				A42DE66820C2C26400194E87 /* Assets.xcassets in Resources */,
				A42DE66620C2C26300194E87 /* Main.storyboard in Resources */,
			);
			runOnlyForDeploymentPostprocessing = 0;
		};
		A42DE66F20C2C26500194E87 /* Resources */ = {
			isa = PBXResourcesBuildPhase;
			buildActionMask = 2147483647;
			files = (
			);
			runOnlyForDeploymentPostprocessing = 0;
		};
		A42DE67A20C2C26500194E87 /* Resources */ = {
			isa = PBXResourcesBuildPhase;
			buildActionMask = 2147483647;
			files = (
			);
			runOnlyForDeploymentPostprocessing = 0;
		};
/* End PBXResourcesBuildPhase section */

/* Begin PBXSourcesBuildPhase section */
		A42DE65920C2C26300194E87 /* Sources */ = {
			isa = PBXSourcesBuildPhase;
			buildActionMask = 2147483647;
			files = (
				A42DE66320C2C26300194E87 /* ViewController.swift in Sources */,
				A42DE66120C2C26300194E87 /* AppDelegate.swift in Sources */,
			);
			runOnlyForDeploymentPostprocessing = 0;
		};
		A42DE66D20C2C26500194E87 /* Sources */ = {
			isa = PBXSourcesBuildPhase;
			buildActionMask = 2147483647;
			files = (
				A42DE67620C2C26500194E87 /* RealmSampleTests.swift in Sources */,
			);
			runOnlyForDeploymentPostprocessing = 0;
		};
		A42DE67820C2C26500194E87 /* Sources */ = {
			isa = PBXSourcesBuildPhase;
			buildActionMask = 2147483647;
			files = (
				A42DE68120C2C26500194E87 /* RealmSampleUITests.swift in Sources */,
			);
			runOnlyForDeploymentPostprocessing = 0;
		};
/* End PBXSourcesBuildPhase section */

/* Begin PBXTargetDependency section */
		A42DE67320C2C26500194E87 /* PBXTargetDependency */ = {
			isa = PBXTargetDependency;
			target = A42DE65C20C2C26300194E87 /* RealmSample */;
			targetProxy = A42DE67220C2C26500194E87 /* PBXContainerItemProxy */;
		};
		A42DE67E20C2C26500194E87 /* PBXTargetDependency */ = {
			isa = PBXTargetDependency;
			target = A42DE65C20C2C26300194E87 /* RealmSample */;
			targetProxy = A42DE67D20C2C26500194E87 /* PBXContainerItemProxy */;
		};
/* End PBXTargetDependency section */

/* Begin PBXVariantGroup section */
		A42DE66420C2C26300194E87 /* Main.storyboard */ = {
			isa = PBXVariantGroup;
			children = (
				A42DE66520C2C26300194E87 /* Base */,
			);
			name = Main.storyboard;
			sourceTree = "<group>";
		};
		A42DE66920C2C26400194E87 /* LaunchScreen.storyboard */ = {
			isa = PBXVariantGroup;
			children = (
				A42DE66A20C2C26400194E87 /* Base */,
			);
			name = LaunchScreen.storyboard;
			sourceTree = "<group>";
		};
/* End PBXVariantGroup section */

/* Begin XCBuildConfiguration section */
		A42DE68320C2C26500194E87 /* Debug */ = {
			isa = XCBuildConfiguration;
			buildSettings = {
				ALWAYS_SEARCH_USER_PATHS = NO;
				CLANG_ANALYZER_NONNULL = YES;
				CLANG_ANALYZER_NUMBER_OBJECT_CONVERSION = YES_AGGRESSIVE;
				CLANG_CXX_LANGUAGE_STANDARD = "gnu++14";
				CLANG_CXX_LIBRARY = "libc++";
				CLANG_ENABLE_MODULES = YES;
				CLANG_ENABLE_OBJC_ARC = YES;
				CLANG_ENABLE_OBJC_WEAK = YES;
				CLANG_WARN_BLOCK_CAPTURE_AUTORELEASING = YES;
				CLANG_WARN_BOOL_CONVERSION = YES;
				CLANG_WARN_COMMA = YES;
				CLANG_WARN_CONSTANT_CONVERSION = YES;
				CLANG_WARN_DEPRECATED_OBJC_IMPLEMENTATIONS = YES;
				CLANG_WARN_DIRECT_OBJC_ISA_USAGE = YES_ERROR;
				CLANG_WARN_DOCUMENTATION_COMMENTS = YES;
				CLANG_WARN_EMPTY_BODY = YES;
				CLANG_WARN_ENUM_CONVERSION = YES;
				CLANG_WARN_INFINITE_RECURSION = YES;
				CLANG_WARN_INT_CONVERSION = YES;
				CLANG_WARN_NON_LITERAL_NULL_CONVERSION = YES;
				CLANG_WARN_OBJC_IMPLICIT_RETAIN_SELF = YES;
				CLANG_WARN_OBJC_LITERAL_CONVERSION = YES;
				CLANG_WARN_OBJC_ROOT_CLASS = YES_ERROR;
				CLANG_WARN_RANGE_LOOP_ANALYSIS = YES;
				CLANG_WARN_STRICT_PROTOTYPES = YES;
				CLANG_WARN_SUSPICIOUS_MOVE = YES;
				CLANG_WARN_UNGUARDED_AVAILABILITY = YES_AGGRESSIVE;
				CLANG_WARN_UNREACHABLE_CODE = YES;
				CLANG_WARN__DUPLICATE_METHOD_MATCH = YES;
				CODE_SIGN_IDENTITY = "iPhone Developer";
				COPY_PHASE_STRIP = NO;
				DEBUG_INFORMATION_FORMAT = dwarf;
				ENABLE_STRICT_OBJC_MSGSEND = YES;
				ENABLE_TESTABILITY = YES;
				GCC_C_LANGUAGE_STANDARD = gnu11;
				GCC_DYNAMIC_NO_PIC = NO;
				GCC_NO_COMMON_BLOCKS = YES;
				GCC_OPTIMIZATION_LEVEL = 0;
				GCC_PREPROCESSOR_DEFINITIONS = (
					"DEBUG=1",
					"$(inherited)",
				);
				GCC_WARN_64_TO_32_BIT_CONVERSION = YES;
				GCC_WARN_ABOUT_RETURN_TYPE = YES_ERROR;
				GCC_WARN_UNDECLARED_SELECTOR = YES;
				GCC_WARN_UNINITIALIZED_AUTOS = YES_AGGRESSIVE;
				GCC_WARN_UNUSED_FUNCTION = YES;
				GCC_WARN_UNUSED_VARIABLE = YES;
				IPHONEOS_DEPLOYMENT_TARGET = 11.4;
				MTL_ENABLE_DEBUG_INFO = YES;
				ONLY_ACTIVE_ARCH = YES;
				SDKROOT = iphoneos;
				SWIFT_ACTIVE_COMPILATION_CONDITIONS = DEBUG;
				SWIFT_OPTIMIZATION_LEVEL = "-Onone";
			};
			name = Debug;
		};
		A42DE68420C2C26500194E87 /* Release */ = {
			isa = XCBuildConfiguration;
			buildSettings = {
				ALWAYS_SEARCH_USER_PATHS = NO;
				CLANG_ANALYZER_NONNULL = YES;
				CLANG_ANALYZER_NUMBER_OBJECT_CONVERSION = YES_AGGRESSIVE;
				CLANG_CXX_LANGUAGE_STANDARD = "gnu++14";
				CLANG_CXX_LIBRARY = "libc++";
				CLANG_ENABLE_MODULES = YES;
				CLANG_ENABLE_OBJC_ARC = YES;
				CLANG_ENABLE_OBJC_WEAK = YES;
				CLANG_WARN_BLOCK_CAPTURE_AUTORELEASING = YES;
				CLANG_WARN_BOOL_CONVERSION = YES;
				CLANG_WARN_COMMA = YES;
				CLANG_WARN_CONSTANT_CONVERSION = YES;
				CLANG_WARN_DEPRECATED_OBJC_IMPLEMENTATIONS = YES;
				CLANG_WARN_DIRECT_OBJC_ISA_USAGE = YES_ERROR;
				CLANG_WARN_DOCUMENTATION_COMMENTS = YES;
				CLANG_WARN_EMPTY_BODY = YES;
				CLANG_WARN_ENUM_CONVERSION = YES;
				CLANG_WARN_INFINITE_RECURSION = YES;
				CLANG_WARN_INT_CONVERSION = YES;
				CLANG_WARN_NON_LITERAL_NULL_CONVERSION = YES;
				CLANG_WARN_OBJC_IMPLICIT_RETAIN_SELF = YES;
				CLANG_WARN_OBJC_LITERAL_CONVERSION = YES;
				CLANG_WARN_OBJC_ROOT_CLASS = YES_ERROR;
				CLANG_WARN_RANGE_LOOP_ANALYSIS = YES;
				CLANG_WARN_STRICT_PROTOTYPES = YES;
				CLANG_WARN_SUSPICIOUS_MOVE = YES;
				CLANG_WARN_UNGUARDED_AVAILABILITY = YES_AGGRESSIVE;
				CLANG_WARN_UNREACHABLE_CODE = YES;
				CLANG_WARN__DUPLICATE_METHOD_MATCH = YES;
				CODE_SIGN_IDENTITY = "iPhone Developer";
				COPY_PHASE_STRIP = NO;
				DEBUG_INFORMATION_FORMAT = "dwarf-with-dsym";
				ENABLE_NS_ASSERTIONS = NO;
				ENABLE_STRICT_OBJC_MSGSEND = YES;
				GCC_C_LANGUAGE_STANDARD = gnu11;
				GCC_NO_COMMON_BLOCKS = YES;
				GCC_WARN_64_TO_32_BIT_CONVERSION = YES;
				GCC_WARN_ABOUT_RETURN_TYPE = YES_ERROR;
				GCC_WARN_UNDECLARED_SELECTOR = YES;
				GCC_WARN_UNINITIALIZED_AUTOS = YES_AGGRESSIVE;
				GCC_WARN_UNUSED_FUNCTION = YES;
				GCC_WARN_UNUSED_VARIABLE = YES;
				IPHONEOS_DEPLOYMENT_TARGET = 11.4;
				MTL_ENABLE_DEBUG_INFO = NO;
				SDKROOT = iphoneos;
				SWIFT_COMPILATION_MODE = wholemodule;
				SWIFT_OPTIMIZATION_LEVEL = "-O";
				VALIDATE_PRODUCT = YES;
			};
			name = Release;
		};
		A42DE68620C2C26500194E87 /* Debug */ = {
			isa = XCBuildConfiguration;
			buildSettings = {
				ASSETCATALOG_COMPILER_APPICON_NAME = AppIcon;
				CODE_SIGN_STYLE = Automatic;
				DEVELOPMENT_TEAM = KU758TC7WL;
				INFOPLIST_FILE = RealmSample/Info.plist;
				LD_RUNPATH_SEARCH_PATHS = (
					"$(inherited)",
					"@executable_path/Frameworks",
				);
				PRODUCT_BUNDLE_IDENTIFIER = edu.self.RealmSample;
				PRODUCT_NAME = "$(TARGET_NAME)";
				SWIFT_VERSION = 4.0;
				TARGETED_DEVICE_FAMILY = "1,2";
			};
			name = Debug;
		};
		A42DE68720C2C26500194E87 /* Release */ = {
			isa = XCBuildConfiguration;
			buildSettings = {
				ASSETCATALOG_COMPILER_APPICON_NAME = AppIcon;
				CODE_SIGN_STYLE = Automatic;
				DEVELOPMENT_TEAM = KU758TC7WL;
				INFOPLIST_FILE = RealmSample/Info.plist;
				LD_RUNPATH_SEARCH_PATHS = (
					"$(inherited)",
					"@executable_path/Frameworks",
				);
				PRODUCT_BUNDLE_IDENTIFIER = edu.self.RealmSample;
				PRODUCT_NAME = "$(TARGET_NAME)";
				SWIFT_VERSION = 4.0;
				TARGETED_DEVICE_FAMILY = "1,2";
			};
			name = Release;
		};
		A42DE68920C2C26500194E87 /* Debug */ = {
			isa = XCBuildConfiguration;
			buildSettings = {
				ALWAYS_EMBED_SWIFT_STANDARD_LIBRARIES = YES;
				BUNDLE_LOADER = "$(TEST_HOST)";
				CODE_SIGN_STYLE = Automatic;
				DEVELOPMENT_TEAM = KU758TC7WL;
				INFOPLIST_FILE = RealmSampleTests/Info.plist;
				LD_RUNPATH_SEARCH_PATHS = (
					"$(inherited)",
					"@executable_path/Frameworks",
					"@loader_path/Frameworks",
				);
				PRODUCT_BUNDLE_IDENTIFIER = edu.self.RealmSampleTests;
				PRODUCT_NAME = "$(TARGET_NAME)";
				SWIFT_VERSION = 4.0;
				TARGETED_DEVICE_FAMILY = "1,2";
				TEST_HOST = "$(BUILT_PRODUCTS_DIR)/RealmSample.app/RealmSample";
			};
			name = Debug;
		};
		A42DE68A20C2C26500194E87 /* Release */ = {
			isa = XCBuildConfiguration;
			buildSettings = {
				ALWAYS_EMBED_SWIFT_STANDARD_LIBRARIES = YES;
				BUNDLE_LOADER = "$(TEST_HOST)";
				CODE_SIGN_STYLE = Automatic;
				DEVELOPMENT_TEAM = KU758TC7WL;
				INFOPLIST_FILE = RealmSampleTests/Info.plist;
				LD_RUNPATH_SEARCH_PATHS = (
					"$(inherited)",
					"@executable_path/Frameworks",
					"@loader_path/Frameworks",
				);
				PRODUCT_BUNDLE_IDENTIFIER = edu.self.RealmSampleTests;
				PRODUCT_NAME = "$(TARGET_NAME)";
				SWIFT_VERSION = 4.0;
				TARGETED_DEVICE_FAMILY = "1,2";
				TEST_HOST = "$(BUILT_PRODUCTS_DIR)/RealmSample.app/RealmSample";
			};
			name = Release;
		};
		A42DE68C20C2C26500194E87 /* Debug */ = {
			isa = XCBuildConfiguration;
			buildSettings = {
				ALWAYS_EMBED_SWIFT_STANDARD_LIBRARIES = YES;
				CODE_SIGN_STYLE = Automatic;
				DEVELOPMENT_TEAM = KU758TC7WL;
				INFOPLIST_FILE = RealmSampleUITests/Info.plist;
				LD_RUNPATH_SEARCH_PATHS = (
					"$(inherited)",
					"@executable_path/Frameworks",
					"@loader_path/Frameworks",
				);
				PRODUCT_BUNDLE_IDENTIFIER = edu.self.RealmSampleUITests;
				PRODUCT_NAME = "$(TARGET_NAME)";
				SWIFT_VERSION = 4.0;
				TARGETED_DEVICE_FAMILY = "1,2";
				TEST_TARGET_NAME = RealmSample;
			};
			name = Debug;
		};
		A42DE68D20C2C26500194E87 /* Release */ = {
			isa = XCBuildConfiguration;
			buildSettings = {
				ALWAYS_EMBED_SWIFT_STANDARD_LIBRARIES = YES;
				CODE_SIGN_STYLE = Automatic;
				DEVELOPMENT_TEAM = KU758TC7WL;
				INFOPLIST_FILE = RealmSampleUITests/Info.plist;
				LD_RUNPATH_SEARCH_PATHS = (
					"$(inherited)",
					"@executable_path/Frameworks",
					"@loader_path/Frameworks",
				);
				PRODUCT_BUNDLE_IDENTIFIER = edu.self.RealmSampleUITests;
				PRODUCT_NAME = "$(TARGET_NAME)";
				SWIFT_VERSION = 4.0;
				TARGETED_DEVICE_FAMILY = "1,2";
				TEST_TARGET_NAME = RealmSample;
			};
			name = Release;
		};
/* End XCBuildConfiguration section */

/* Begin XCConfigurationList section */
		A42DE65820C2C26300194E87 /* Build configuration list for PBXProject "RealmSample" */ = {
			isa = XCConfigurationList;
			buildConfigurations = (
				A42DE68320C2C26500194E87 /* Debug */,
				A42DE68420C2C26500194E87 /* Release */,
			);
			defaultConfigurationIsVisible = 0;
			defaultConfigurationName = Release;
		};
		A42DE68520C2C26500194E87 /* Build configuration list for PBXNativeTarget "RealmSample" */ = {
			isa = XCConfigurationList;
			buildConfigurations = (
				A42DE68620C2C26500194E87 /* Debug */,
				A42DE68720C2C26500194E87 /* Release */,
			);
			defaultConfigurationIsVisible = 0;
			defaultConfigurationName = Release;
		};
		A42DE68820C2C26500194E87 /* Build configuration list for PBXNativeTarget "RealmSampleTests" */ = {
			isa = XCConfigurationList;
			buildConfigurations = (
				A42DE68920C2C26500194E87 /* Debug */,
				A42DE68A20C2C26500194E87 /* Release */,
			);
			defaultConfigurationIsVisible = 0;
			defaultConfigurationName = Release;
		};
		A42DE68B20C2C26500194E87 /* Build configuration list for PBXNativeTarget "RealmSampleUITests" */ = {
			isa = XCConfigurationList;
			buildConfigurations = (
				A42DE68C20C2C26500194E87 /* Debug */,
				A42DE68D20C2C26500194E87 /* Release */,
			);
			defaultConfigurationIsVisible = 0;
			defaultConfigurationName = Release;
		};
/* End XCConfigurationList section */
	};
	rootObject = A42DE65520C2C26300194E87 /* Project object */;
}
